
Microsoft Visual Studio Solution File, Format Version 12.00
# Visual Studio Version 17
VisualStudioVersion = 17.14.36811.4 d17.14
MinimumVisualStudioVersion = 10.0.40219.1
Project("{FAE04EC0-301F-11D3-BF4B-00C04F79EFBC}") = "ExcelAutomation", "ExcelAutomation\ExcelAutomation.csproj", "{19F75871-CA5A-44ED-99DB-0E7D9A8ECCE8}"
EndProject
Global
	GlobalSection(SolutionConfigurationPlatforms) = preSolution
		Debug|Any CPU = Debug|Any CPU
		Release|Any CPU = Release|Any CPU
	EndGlobalSection
	GlobalSection(ProjectConfigurationPlatforms) = postSolution
		{19F75871-CA5A-44ED-99DB-0E7D9A8ECCE8}.Debug|Any CPU.ActiveCfg = Debug|Any CPU
		{19F75871-CA5A-44ED-99DB-0E7D9A8ECCE8}.Debug|Any CPU.Build.0 = Debug|Any CPU
		{19F75871-CA5A-44ED-99DB-0E7D9A8ECCE8}.Release|Any CPU.ActiveCfg = Release|Any CPU
		{19F75871-CA5A-44ED-99DB-0E7D9A8ECCE8}.Release|Any CPU.Build.0 = Release|Any CPU
	EndGlobalSection
	GlobalSection(SolutionProperties) = preSolution
		HideSolutionNode = FALSE
	EndGlobalSection
	GlobalSection(ExtensibilityGlobals) = postSolution
		SolutionGuid = {97062048-3D19-46F1-94D1-660F95D54565}
	EndGlobalSection
EndGlobal
